
Microsoft Visual Studio Solution File, Format Version 12.00
# Visual Studio Version 17
VisualStudioVersion = 17.13.35931.197 d17.13
MinimumVisualStudioVersion = 10.0.40219.1
Project("{FAE04EC0-301F-11D3-BF4B-00C04F79EFBC}") = "Proyecto de programacion 2", "Proyecto de programacion 2\Proyecto de programacion 2.csproj", "{AA6B01A3-37FC-4792-91FD-60DBD91A7895}"
EndProject
Global
	GlobalSection(SolutionConfigurationPlatforms) = preSolution
		Debug|Any CPU = Debug|Any CPU
		Release|Any CPU = Release|Any CPU
	EndGlobalSection
	GlobalSection(ProjectConfigurationPlatforms) = postSolution
		{AA6B01A3-37FC-4792-91FD-60DBD91A7895}.Debug|Any CPU.ActiveCfg = Debug|Any CPU
		{AA6B01A3-37FC-4792-91FD-60DBD91A7895}.Debug|Any CPU.Build.0 = Debug|Any CPU
		{AA6B01A3-37FC-4792-91FD-60DBD91A7895}.Release|Any CPU.ActiveCfg = Release|Any CPU
		{AA6B01A3-37FC-4792-91FD-60DBD91A7895}.Release|Any CPU.Build.0 = Release|Any CPU
	EndGlobalSection
	GlobalSection(SolutionProperties) = preSolution
		HideSolutionNode = FALSE
	EndGlobalSection
	GlobalSection(ExtensibilityGlobals) = postSolution
		SolutionGuid = {A02D336B-09C8-4ED8-9793-6BDD0BCF07BD}
	EndGlobalSection
EndGlobal
